// !$*UTF8*$!
{
	archiveVersion = 1;
	classes = {
	};
	objectVersion = 46;
	objects = {

/* Begin PBXBuildFile section */
		6595B0C01D10F07D00D77727 /* AppDelegate.swift in Sources */ = {isa = PBXBuildFile; fileRef = 6595B0BF1D10F07D00D77727 /* AppDelegate.swift */; };
		6595B0C21D10F07D00D77727 /* ViewController.swift in Sources */ = {isa = PBXBuildFile; fileRef = 6595B0C11D10F07D00D77727 /* ViewController.swift */; };
		6595B0C51D10F07D00D77727 /* Main.storyboard in Resources */ = {isa = PBXBuildFile; fileRef = 6595B0C31D10F07D00D77727 /* Main.storyboard */; };
		6595B0C71D10F07D00D77727 /* Assets.xcassets in Resources */ = {isa = PBXBuildFile; fileRef = 6595B0C61D10F07D00D77727 /* Assets.xcassets */; };
		6595B0CA1D10F07D00D77727 /* LaunchScreen.storyboard in Resources */ = {isa = PBXBuildFile; fileRef = 6595B0C81D10F07D00D77727 /* LaunchScreen.storyboard */; };
		65E8AD9C1D10F0F700F27926 /* SSGSS_GOKU.png in Resources */ = {isa = PBXBuildFile; fileRef = 65E8AD9B1D10F0F700F27926 /* SSGSS_GOKU.png */; };
/* End PBXBuildFile section */

/* Begin PBXFileReference section */
		6595B0BC1D10F07D00D77727 /* ScrollViewSample.app */ = {isa = PBXFileReference; explicitFileType = wrapper.application; includeInIndex = 0; path = ScrollViewSample.app; sourceTree = BUILT_PRODUCTS_DIR; };
		6595B0BF1D10F07D00D77727 /* AppDelegate.swift */ = {isa = PBXFileReference; lastKnownFileType = sourcecode.swift; path = AppDelegate.swift; sourceTree = "<group>"; };
		6595B0C11D10F07D00D77727 /* ViewController.swift */ = {isa = PBXFileReference; lastKnownFileType = sourcecode.swift; path = ViewController.swift; sourceTree = "<group>"; };
		6595B0C41D10F07D00D77727 /* Base */ = {isa = PBXFileReference; lastKnownFileType = file.storyboard; name = Base; path = Base.lproj/Main.storyboard; sourceTree = "<group>"; };
		6595B0C61D10F07D00D77727 /* Assets.xcassets */ = {isa = PBXFileReference; lastKnownFileType = folder.assetcatalog; path = Assets.xcassets; sourceTree = "<group>"; };
		6595B0C91D10F07D00D77727 /* Base */ = {isa = PBXFileReference; lastKnownFileType = file.storyboard; name = Base; path = Base.lproj/LaunchScreen.storyboard; sourceTree = "<group>"; };
		6595B0CB1D10F07D00D77727 /* Info.plist */ = {isa = PBXFileReference; lastKnownFileType = text.plist.xml; path = Info.plist; sourceTree = "<group>"; };
		65E8AD9B1D10F0F700F27926 /* SSGSS_GOKU.png */ = {isa = PBXFileReference; lastKnownFileType = image.png; path = SSGSS_GOKU.png; sourceTree = "<group>"; };
/* End PBXFileReference section */

/* Begin PBXFrameworksBuildPhase section */
		6595B0B91D10F07D00D77727 /* Frameworks */ = {
			isa = PBXFrameworksBuildPhase;
			buildActionMask = 2147483647;
			files = (
			);
			runOnlyForDeploymentPostprocessing = 0;
		};
/* End PBXFrameworksBuildPhase section */

/* Begin PBXGroup section */
		6595B0B31D10F07D00D77727 = {
			isa = PBXGroup;
			children = (
				6595B0BE1D10F07D00D77727 /* ScrollViewSample */,
				6595B0BD1D10F07D00D77727 /* Products */,
			);
			sourceTree = "<group>";
		};
		6595B0BD1D10F07D00D77727 /* Products */ = {
			isa = PBXGroup;
			children = (
				6595B0BC1D10F07D00D77727 /* ScrollViewSample.app */,
			);
			name = Products;
			sourceTree = "<group>";
		};
		6595B0BE1D10F07D00D77727 /* ScrollViewSample */ = {
			isa = PBXGroup;
			children = (
				6595B0BF1D10F07D00D77727 /* AppDelegate.swift */,
				65E8AD9B1D10F0F700F27926 /* SSGSS_GOKU.png */,
				6595B0C11D10F07D00D77727 /* ViewController.swift */,
				6595B0C31D10F07D00D77727 /* Main.storyboard */,
				6595B0C61D10F07D00D77727 /* Assets.xcassets */,
				6595B0C81D10F07D00D77727 /* LaunchScreen.storyboard */,
				6595B0CB1D10F07D00D77727 /* Info.plist */,
			);
			path = ScrollViewSample;
			sourceTree = "<group>";
		};
/* End PBXGroup section */

/* Begin PBXNativeTarget section */
		6595B0BB1D10F07D00D77727 /* ScrollViewSample */ = {
			isa = PBXNativeTarget;
			buildConfigurationList = 6595B0CE1D10F07D00D77727 /* Build configuration list for PBXNativeTarget "ScrollViewSample" */;
			buildPhases = (
				6595B0B81D10F07D00D77727 /* Sources */,
				6595B0B91D10F07D00D77727 /* Frameworks */,
				6595B0BA1D10F07D00D77727 /* Resources */,
			);
			buildRules = (
			);
			dependencies = (
			);
			name = ScrollViewSample;
			productName = ScrollViewSample;
			productReference = 6595B0BC1D10F07D00D77727 /* ScrollViewSample.app */;
			productType = "com.apple.product-type.application";
		};
/* End PBXNativeTarget section */

/* Begin PBXProject section */
		6595B0B41D10F07D00D77727 /* Project object */ = {
			isa = PBXProject;
			attributes = {
				LastSwiftUpdateCheck = 0730;
				LastUpgradeCheck = 0730;
				ORGANIZATIONNAME = "Mamadou Kaba";
				TargetAttributes = {
					6595B0BB1D10F07D00D77727 = {
						CreatedOnToolsVersion = 7.3.1;
					};
				};
			};
			buildConfigurationList = 6595B0B71D10F07D00D77727 /* Build configuration list for PBXProject "ScrollViewSample" */;
			compatibilityVersion = "Xcode 3.2";
			developmentRegion = English;
			hasScannedForEncodings = 0;
			knownRegions = (
				en,
				Base,
			);
			mainGroup = 6595B0B31D10F07D00D77727;
			productRefGroup = 6595B0BD1D10F07D00D77727 /* Products */;
			projectDirPath = "";
			projectRoot = "";
			targets = (
				6595B0BB1D10F07D00D77727 /* ScrollViewSample */,
			);
		};
/* End PBXProject section */

/* Begin PBXResourcesBuildPhase section */
		6595B0BA1D10F07D00D77727 /* Resources */ = {
			isa = PBXResourcesBuildPhase;
			buildActionMask = 2147483647;
			files = (
				6595B0CA1D10F07D00D77727 /* LaunchScreen.storyboard in Resources */,
				65E8AD9C1D10F0F700F27926 /* SSGSS_GOKU.png in Resources */,
				6595B0C71D10F07D00D77727 /* Assets.xcassets in Resources */,
				6595B0C51D10F07D00D77727 /* Main.storyboard in Resources */,
			);
			runOnlyForDeploymentPostprocessing = 0;
		};
/* End PBXResourcesBuildPhase section */

/* Begin PBXSourcesBuildPhase section */
		6595B0B81D10F07D00D77727 /* Sources */ = {
			isa = PBXSourcesBuildPhase;
			buildActionMask = 2147483647;
			files = (
				6595B0C21D10F07D00D77727 /* ViewController.swift in Sources */,
				6595B0C01D10F07D00D77727 /* AppDelegate.swift in Sources */,
			);
			runOnlyForDeploymentPostprocessing = 0;
		};
/* End PBXSourcesBuildPhase section */

/* Begin PBXVariantGroup section */
		6595B0C31D10F07D00D77727 /* Main.storyboard */ = {
			isa = PBXVariantGroup;
			children = (
				6595B0C41D10F07D00D77727 /* Base */,
			);
			name = Main.storyboard;
			sourceTree = "<group>";
		};
		6595B0C81D10F07D00D77727 /* LaunchScreen.storyboard */ = {
			isa = PBXVariantGroup;
			children = (
				6595B0C91D10F07D00D77727 /* Base */,
			);
			name = LaunchScreen.storyboard;
			sourceTree = "<group>";
		};
/* End PBXVariantGroup section */

/* Begin XCBuildConfiguration section */
		6595B0CC1D10F07D00D77727 /* Debug */ = {
			isa = XCBuildConfiguration;
			buildSettings = {
				ALWAYS_SEARCH_USER_PATHS = NO;
				CLANG_ANALYZER_NONNULL = YES;
				CLANG_CXX_LANGUAGE_STANDARD = "gnu++0x";
				CLANG_CXX_LIBRARY = "libc++";
				CLANG_ENABLE_MODULES = YES;
				CLANG_ENABLE_OBJC_ARC = YES;
				CLANG_WARN_BOOL_CONVERSION = YES;
				CLANG_WARN_CONSTANT_CONVERSION = YES;
				CLANG_WARN_DIRECT_OBJC_ISA_USAGE = YES_ERROR;
				CLANG_WARN_EMPTY_BODY = YES;
				CLANG_WARN_ENUM_CONVERSION = YES;
				CLANG_WARN_INT_CONVERSION = YES;
				CLANG_WARN_OBJC_ROOT_CLASS = YES_ERROR;
				CLANG_WARN_UNREACHABLE_CODE = YES;
				CLANG_WARN__DUPLICATE_METHOD_MATCH = YES;
				"CODE_SIGN_IDENTITY[sdk=iphoneos*]" = "iPhone Developer";
				COPY_PHASE_STRIP = NO;
				DEBUG_INFORMATION_FORMAT = dwarf;
				ENABLE_STRICT_OBJC_MSGSEND = YES;
				ENABLE_TESTABILITY = YES;
				GCC_C_LANGUAGE_STANDARD = gnu99;
				GCC_DYNAMIC_NO_PIC = NO;
				GCC_NO_COMMON_BLOCKS = YES;
				GCC_OPTIMIZATION_LEVEL = 0;
				GCC_PREPROCESSOR_DEFINITIONS = (
					"DEBUG=1",
					"$(inherited)",
				);
				GCC_WARN_64_TO_32_BIT_CONVERSION = YES;
				GCC_WARN_ABOUT_RETURN_TYPE = YES_ERROR;
				GCC_WARN_UNDECLARED_SELECTOR = YES;
				GCC_WARN_UNINITIALIZED_AUTOS = YES_AGGRESSIVE;
				GCC_WARN_UNUSED_FUNCTION = YES;
				GCC_WARN_UNUSED_VARIABLE = YES;
				IPHONEOS_DEPLOYMENT_TARGET = 9.3;
				MTL_ENABLE_DEBUG_INFO = YES;
				ONLY_ACTIVE_ARCH = YES;
				SDKROOT = iphoneos;
				SWIFT_OPTIMIZATION_LEVEL = "-Onone";
			};
			name = Debug;
		};
		6595B0CD1D10F07D00D77727 /* Release */ = {
			isa = XCBuildConfiguration;
			buildSettings = {
				ALWAYS_SEARCH_USER_PATHS = NO;
				CLANG_ANALYZER_NONNULL = YES;
				CLANG_CXX_LANGUAGE_STANDARD = "gnu++0x";
				CLANG_CXX_LIBRARY = "libc++";
				CLANG_ENABLE_MODULES = YES;
				CLANG_ENABLE_OBJC_ARC = YES;
				CLANG_WARN_BOOL_CONVERSION = YES;
				CLANG_WARN_CONSTANT_CONVERSION = YES;
				CLANG_WARN_DIRECT_OBJC_ISA_USAGE = YES_ERROR;
				CLANG_WARN_EMPTY_BODY = YES;
				CLANG_WARN_ENUM_CONVERSION = YES;
				CLANG_WARN_INT_CONVERSION = YES;
				CLANG_WARN_OBJC_ROOT_CLASS = YES_ERROR;
				CLANG_WARN_UNREACHABLE_CODE = YES;
				CLANG_WARN__DUPLICATE_METHOD_MATCH = YES;
				"CODE_SIGN_IDENTITY[sdk=iphoneos*]" = "iPhone Developer";
				COPY_PHASE_STRIP = NO;
				DEBUG_INFORMATION_FORMAT = "dwarf-with-dsym";
				ENABLE_NS_ASSERTIONS = NO;
				ENABLE_STRICT_OBJC_MSGSEND = YES;
				GCC_C_LANGUAGE_STANDARD = gnu99;
				GCC_NO_COMMON_BLOCKS = YES;
				GCC_WARN_64_TO_32_BIT_CONVERSION = YES;
				GCC_WARN_ABOUT_RETURN_TYPE = YES_ERROR;
				GCC_WARN_UNDECLARED_SELECTOR = YES;
				GCC_WARN_UNINITIALIZED_AUTOS = YES_AGGRESSIVE;
				GCC_WARN_UNUSED_FUNCTION = YES;
				GCC_WARN_UNUSED_VARIABLE = YES;
				IPHONEOS_DEPLOYMENT_TARGET = 9.3;
				MTL_ENABLE_DEBUG_INFO = NO;
				SDKROOT = iphoneos;
				VALIDATE_PRODUCT = YES;
			};
			name = Release;
		};
		6595B0CF1D10F07D00D77727 /* Debug */ = {
			isa = XCBuildConfiguration;
			buildSettings = {
				ASSETCATALOG_COMPILER_APPICON_NAME = AppIcon;
				INFOPLIST_FILE = ScrollViewSample/Info.plist;
				LD_RUNPATH_SEARCH_PATHS = "$(inherited) @executable_path/Frameworks";
				PRODUCT_BUNDLE_IDENTIFIER = com.mamadoukaba.ScrollViewSample;
				PRODUCT_NAME = "$(TARGET_NAME)";
			};
			name = Debug;
		};
		6595B0D01D10F07D00D77727 /* Release */ = {
			isa = XCBuildConfiguration;
			buildSettings = {
				ASSETCATALOG_COMPILER_APPICON_NAME = AppIcon;
				INFOPLIST_FILE = ScrollViewSample/Info.plist;
				LD_RUNPATH_SEARCH_PATHS = "$(inherited) @executable_path/Frameworks";
				PRODUCT_BUNDLE_IDENTIFIER = com.mamadoukaba.ScrollViewSample;
				PRODUCT_NAME = "$(TARGET_NAME)";
			};
			name = Release;
		};
/* End XCBuildConfiguration section */

/* Begin XCConfigurationList section */
		6595B0B71D10F07D00D77727 /* Build configuration list for PBXProject "ScrollViewSample" */ = {
			isa = XCConfigurationList;
			buildConfigurations = (
				6595B0CC1D10F07D00D77727 /* Debug */,
				6595B0CD1D10F07D00D77727 /* Release */,
			);
			defaultConfigurationIsVisible = 0;
			defaultConfigurationName = Release;
		};
		6595B0CE1D10F07D00D77727 /* Build configuration list for PBXNativeTarget "ScrollViewSample" */ = {
			isa = XCConfigurationList;
			buildConfigurations = (
				6595B0CF1D10F07D00D77727 /* Debug */,
				6595B0D01D10F07D00D77727 /* Release */,
			);
			defaultConfigurationIsVisible = 0;
			defaultConfigurationName = Release;
		};
/* End XCConfigurationList section */
	};
	rootObject = 6595B0B41D10F07D00D77727 /* Project object */;
}
